// !$*UTF8*$!
{
	archiveVersion = 1;
	classes = {
	};
	objectVersion = 50;
	objects = {

/* Begin PBXBuildFile section */
		382DB0C1264EAD4D00FF5EF9 /* ParkingTableCell.swift in Sources */ = {isa = PBXBuildFile; fileRef = 382DB0C0264EAD4D00FF5EF9 /* ParkingTableCell.swift */; };
		382DB0C3264EADFE00FF5EF9 /* ParkingDetailModel.swift in Sources */ = {isa = PBXBuildFile; fileRef = 382DB0C2264EADFE00FF5EF9 /* ParkingDetailModel.swift */; };
		382DB0C5264EF33500FF5EF9 /* ProfileViewController.swift in Sources */ = {isa = PBXBuildFile; fileRef = 382DB0C4264EF33500FF5EF9 /* ProfileViewController.swift */; };
		382DB0C7264EF88A00FF5EF9 /* EditProfileViewController.swift in Sources */ = {isa = PBXBuildFile; fileRef = 382DB0C6264EF88A00FF5EF9 /* EditProfileViewController.swift */; };
		382DB0CD2650067E00FF5EF9 /* GoogleService-Info.plist in Resources */ = {isa = PBXBuildFile; fileRef = 382DB0CC2650067E00FF5EF9 /* GoogleService-Info.plist */; };
		38A67D2B264C51F800833F3B /* SplashScreenViewController.swift in Sources */ = {isa = PBXBuildFile; fileRef = 38A67D2A264C51F800833F3B /* SplashScreenViewController.swift */; };
		38A67D2D264C525900833F3B /* MaGeUserDefaults.swift in Sources */ = {isa = PBXBuildFile; fileRef = 38A67D2C264C525900833F3B /* MaGeUserDefaults.swift */; };
		38A67D2F264C554E00833F3B /* LoginViewController.swift in Sources */ = {isa = PBXBuildFile; fileRef = 38A67D2E264C554E00833F3B /* LoginViewController.swift */; };
		38A67D31264C558800833F3B /* HomeViewController.swift in Sources */ = {isa = PBXBuildFile; fileRef = 38A67D30264C558800833F3B /* HomeViewController.swift */; };
		690A28D0B4DB23D050B3AC0A /* Pods_ParkingProject.framework in Frameworks */ = {isa = PBXBuildFile; fileRef = 9B2B34103A967A6DC6B67136 /* Pods_ParkingProject.framework */; };
		EB01DE03264B900800232BE0 /* AppDelegate.swift in Sources */ = {isa = PBXBuildFile; fileRef = EB01DE02264B900800232BE0 /* AppDelegate.swift */; };
		EB01DE05264B900800232BE0 /* SceneDelegate.swift in Sources */ = {isa = PBXBuildFile; fileRef = EB01DE04264B900800232BE0 /* SceneDelegate.swift */; };
		EB01DE07264B900800232BE0 /* ViewController.swift in Sources */ = {isa = PBXBuildFile; fileRef = EB01DE06264B900800232BE0 /* ViewController.swift */; };
		EB01DE0A264B900800232BE0 /* Main.storyboard in Resources */ = {isa = PBXBuildFile; fileRef = EB01DE08264B900800232BE0 /* Main.storyboard */; };
		EB01DE0C264B900C00232BE0 /* Assets.xcassets in Resources */ = {isa = PBXBuildFile; fileRef = EB01DE0B264B900C00232BE0 /* Assets.xcassets */; };
		EB01DE0F264B900C00232BE0 /* LaunchScreen.storyboard in Resources */ = {isa = PBXBuildFile; fileRef = EB01DE0D264B900C00232BE0 /* LaunchScreen.storyboard */; };
/* End PBXBuildFile section */

/* Begin PBXFileReference section */
		329DE2BE871D28CF404568C4 /* Pods-ParkingProject.release.xcconfig */ = {isa = PBXFileReference; includeInIndex = 1; lastKnownFileType = text.xcconfig; name = "Pods-ParkingProject.release.xcconfig"; path = "Target Support Files/Pods-ParkingProject/Pods-ParkingProject.release.xcconfig"; sourceTree = "<group>"; };
		382DB0C0264EAD4D00FF5EF9 /* ParkingTableCell.swift */ = {isa = PBXFileReference; lastKnownFileType = sourcecode.swift; path = ParkingTableCell.swift; sourceTree = "<group>"; };
		382DB0C2264EADFE00FF5EF9 /* ParkingDetailModel.swift */ = {isa = PBXFileReference; lastKnownFileType = sourcecode.swift; path = ParkingDetailModel.swift; sourceTree = "<group>"; };
		382DB0C4264EF33500FF5EF9 /* ProfileViewController.swift */ = {isa = PBXFileReference; lastKnownFileType = sourcecode.swift; path = ProfileViewController.swift; sourceTree = "<group>"; };
		382DB0C6264EF88A00FF5EF9 /* EditProfileViewController.swift */ = {isa = PBXFileReference; lastKnownFileType = sourcecode.swift; path = EditProfileViewController.swift; sourceTree = "<group>"; };
		382DB0CC2650067E00FF5EF9 /* GoogleService-Info.plist */ = {isa = PBXFileReference; fileEncoding = 4; lastKnownFileType = text.plist.xml; path = "GoogleService-Info.plist"; sourceTree = "<group>"; };
		38A67D2A264C51F800833F3B /* SplashScreenViewController.swift */ = {isa = PBXFileReference; lastKnownFileType = sourcecode.swift; path = SplashScreenViewController.swift; sourceTree = "<group>"; };
		38A67D2C264C525900833F3B /* MaGeUserDefaults.swift */ = {isa = PBXFileReference; lastKnownFileType = sourcecode.swift; path = MaGeUserDefaults.swift; sourceTree = "<group>"; };
		38A67D2E264C554E00833F3B /* LoginViewController.swift */ = {isa = PBXFileReference; lastKnownFileType = sourcecode.swift; path = LoginViewController.swift; sourceTree = "<group>"; };
		38A67D30264C558800833F3B /* HomeViewController.swift */ = {isa = PBXFileReference; lastKnownFileType = sourcecode.swift; path = HomeViewController.swift; sourceTree = "<group>"; };
		9B2B34103A967A6DC6B67136 /* Pods_ParkingProject.framework */ = {isa = PBXFileReference; explicitFileType = wrapper.framework; includeInIndex = 0; path = Pods_ParkingProject.framework; sourceTree = BUILT_PRODUCTS_DIR; };
		EB01DDFF264B900800232BE0 /* ParkingProject.app */ = {isa = PBXFileReference; explicitFileType = wrapper.application; includeInIndex = 0; path = ParkingProject.app; sourceTree = BUILT_PRODUCTS_DIR; };
		EB01DE02264B900800232BE0 /* AppDelegate.swift */ = {isa = PBXFileReference; lastKnownFileType = sourcecode.swift; path = AppDelegate.swift; sourceTree = "<group>"; };
		EB01DE04264B900800232BE0 /* SceneDelegate.swift */ = {isa = PBXFileReference; lastKnownFileType = sourcecode.swift; path = SceneDelegate.swift; sourceTree = "<group>"; };
		EB01DE06264B900800232BE0 /* ViewController.swift */ = {isa = PBXFileReference; lastKnownFileType = sourcecode.swift; path = ViewController.swift; sourceTree = "<group>"; };
		EB01DE09264B900800232BE0 /* Base */ = {isa = PBXFileReference; lastKnownFileType = file.storyboard; name = Base; path = Base.lproj/Main.storyboard; sourceTree = "<group>"; };
		EB01DE0B264B900C00232BE0 /* Assets.xcassets */ = {isa = PBXFileReference; lastKnownFileType = folder.assetcatalog; path = Assets.xcassets; sourceTree = "<group>"; };
		EB01DE0E264B900C00232BE0 /* Base */ = {isa = PBXFileReference; lastKnownFileType = file.storyboard; name = Base; path = Base.lproj/LaunchScreen.storyboard; sourceTree = "<group>"; };
		EB01DE10264B900C00232BE0 /* Info.plist */ = {isa = PBXFileReference; lastKnownFileType = text.plist.xml; path = Info.plist; sourceTree = "<group>"; };
		F6205B2295D0583F9246CE4C /* Pods-ParkingProject.debug.xcconfig */ = {isa = PBXFileReference; includeInIndex = 1; lastKnownFileType = text.xcconfig; name = "Pods-ParkingProject.debug.xcconfig"; path = "Target Support Files/Pods-ParkingProject/Pods-ParkingProject.debug.xcconfig"; sourceTree = "<group>"; };
/* End PBXFileReference section */

/* Begin PBXFrameworksBuildPhase section */
		EB01DDFC264B900800232BE0 /* Frameworks */ = {
			isa = PBXFrameworksBuildPhase;
			buildActionMask = 2147483647;
			files = (
				690A28D0B4DB23D050B3AC0A /* Pods_ParkingProject.framework in Frameworks */,
			);
			runOnlyForDeploymentPostprocessing = 0;
		};
/* End PBXFrameworksBuildPhase section */

/* Begin PBXGroup section */
		38A67D32264D7E6300833F3B /* View */ = {
			isa = PBXGroup;
			children = (
				38A67D2A264C51F800833F3B /* SplashScreenViewController.swift */,
				38A67D2E264C554E00833F3B /* LoginViewController.swift */,
				38A67D30264C558800833F3B /* HomeViewController.swift */,
				382DB0C4264EF33500FF5EF9 /* ProfileViewController.swift */,
				382DB0C0264EAD4D00FF5EF9 /* ParkingTableCell.swift */,
				382DB0C6264EF88A00FF5EF9 /* EditProfileViewController.swift */,
			);
			path = View;
			sourceTree = "<group>";
		};
		38A67D33264D7E6A00833F3B /* Model */ = {
			isa = PBXGroup;
			children = (
				38A67D2C264C525900833F3B /* MaGeUserDefaults.swift */,
				382DB0C2264EADFE00FF5EF9 /* ParkingDetailModel.swift */,
			);
			path = Model;
			sourceTree = "<group>";
		};
		94C1A7537ECA77BB058E40B7 /* Pods */ = {
			isa = PBXGroup;
			children = (
				F6205B2295D0583F9246CE4C /* Pods-ParkingProject.debug.xcconfig */,
				329DE2BE871D28CF404568C4 /* Pods-ParkingProject.release.xcconfig */,
			);
			name = Pods;
			path = Pods;
			sourceTree = "<group>";
		};
		EB01DDF6264B900800232BE0 = {
			isa = PBXGroup;
			children = (
				EB01DE01264B900800232BE0 /* ParkingProject */,
				EB01DE00264B900800232BE0 /* Products */,
				94C1A7537ECA77BB058E40B7 /* Pods */,
				F05C1B7A5533E39A8124AB5C /* Frameworks */,
			);
			sourceTree = "<group>";
		};
		EB01DE00264B900800232BE0 /* Products */ = {
			isa = PBXGroup;
			children = (
				EB01DDFF264B900800232BE0 /* ParkingProject.app */,
			);
			name = Products;
			sourceTree = "<group>";
		};
		EB01DE01264B900800232BE0 /* ParkingProject */ = {
			isa = PBXGroup;
			children = (
				38A67D33264D7E6A00833F3B /* Model */,
				38A67D32264D7E6300833F3B /* View */,
				EB01DE02264B900800232BE0 /* AppDelegate.swift */,
				EB01DE04264B900800232BE0 /* SceneDelegate.swift */,
				EB01DE06264B900800232BE0 /* ViewController.swift */,
				EB01DE08264B900800232BE0 /* Main.storyboard */,
				EB01DE0B264B900C00232BE0 /* Assets.xcassets */,
				EB01DE0D264B900C00232BE0 /* LaunchScreen.storyboard */,
				382DB0CC2650067E00FF5EF9 /* GoogleService-Info.plist */,
				EB01DE10264B900C00232BE0 /* Info.plist */,
			);
			path = ParkingProject;
			sourceTree = "<group>";
		};
		F05C1B7A5533E39A8124AB5C /* Frameworks */ = {
			isa = PBXGroup;
			children = (
				9B2B34103A967A6DC6B67136 /* Pods_ParkingProject.framework */,
			);
			name = Frameworks;
			sourceTree = "<group>";
		};
/* End PBXGroup section */

/* Begin PBXNativeTarget section */
		EB01DDFE264B900800232BE0 /* ParkingProject */ = {
			isa = PBXNativeTarget;
			buildConfigurationList = EB01DE13264B900C00232BE0 /* Build configuration list for PBXNativeTarget "ParkingProject" */;
			buildPhases = (
				FDA9E5D0FEF27894900A180B /* [CP] Check Pods Manifest.lock */,
				EB01DDFB264B900800232BE0 /* Sources */,
				EB01DDFC264B900800232BE0 /* Frameworks */,
				EB01DDFD264B900800232BE0 /* Resources */,
				2809E070233289CEFF8AB629 /* [CP] Embed Pods Frameworks */,
			);
			buildRules = (
			);
			dependencies = (
			);
			name = ParkingProject;
			productName = ParkingProject;
			productReference = EB01DDFF264B900800232BE0 /* ParkingProject.app */;
			productType = "com.apple.product-type.application";
		};
/* End PBXNativeTarget section */

/* Begin PBXProject section */
		EB01DDF7264B900800232BE0 /* Project object */ = {
			isa = PBXProject;
			attributes = {
				LastSwiftUpdateCheck = 1250;
				LastUpgradeCheck = 1250;
				TargetAttributes = {
					EB01DDFE264B900800232BE0 = {
						CreatedOnToolsVersion = 12.5;
					};
				};
			};
			buildConfigurationList = EB01DDFA264B900800232BE0 /* Build configuration list for PBXProject "ParkingProject" */;
			compatibilityVersion = "Xcode 9.3";
			developmentRegion = en;
			hasScannedForEncodings = 0;
			knownRegions = (
				en,
				Base,
			);
			mainGroup = EB01DDF6264B900800232BE0;
			productRefGroup = EB01DE00264B900800232BE0 /* Products */;
			projectDirPath = "";
			projectRoot = "";
			targets = (
				EB01DDFE264B900800232BE0 /* ParkingProject */,
			);
		};
/* End PBXProject section */

/* Begin PBXResourcesBuildPhase section */
		EB01DDFD264B900800232BE0 /* Resources */ = {
			isa = PBXResourcesBuildPhase;
			buildActionMask = 2147483647;
			files = (
				EB01DE0F264B900C00232BE0 /* LaunchScreen.storyboard in Resources */,
				382DB0CD2650067E00FF5EF9 /* GoogleService-Info.plist in Resources */,
				EB01DE0C264B900C00232BE0 /* Assets.xcassets in Resources */,
				EB01DE0A264B900800232BE0 /* Main.storyboard in Resources */,
			);
			runOnlyForDeploymentPostprocessing = 0;
		};
/* End PBXResourcesBuildPhase section */

/* Begin PBXShellScriptBuildPhase section */
		2809E070233289CEFF8AB629 /* [CP] Embed Pods Frameworks */ = {
			isa = PBXShellScriptBuildPhase;
			buildActionMask = 2147483647;
			files = (
			);
			inputFileListPaths = (
				"${PODS_ROOT}/Target Support Files/Pods-ParkingProject/Pods-ParkingProject-frameworks-${CONFIGURATION}-input-files.xcfilelist",
			);
			name = "[CP] Embed Pods Frameworks";
			outputFileListPaths = (
				"${PODS_ROOT}/Target Support Files/Pods-ParkingProject/Pods-ParkingProject-frameworks-${CONFIGURATION}-output-files.xcfilelist",
			);
			runOnlyForDeploymentPostprocessing = 0;
			shellPath = /bin/sh;
			shellScript = "\"${PODS_ROOT}/Target Support Files/Pods-ParkingProject/Pods-ParkingProject-frameworks.sh\"\n";
			showEnvVarsInLog = 0;
		};
		FDA9E5D0FEF27894900A180B /* [CP] Check Pods Manifest.lock */ = {
			isa = PBXShellScriptBuildPhase;
			buildActionMask = 2147483647;
			files = (
			);
			inputFileListPaths = (
			);
			inputPaths = (
				"${PODS_PODFILE_DIR_PATH}/Podfile.lock",
				"${PODS_ROOT}/Manifest.lock",
			);
			name = "[CP] Check Pods Manifest.lock";
			outputFileListPaths = (
			);
			outputPaths = (
				"$(DERIVED_FILE_DIR)/Pods-ParkingProject-checkManifestLockResult.txt",
			);
			runOnlyForDeploymentPostprocessing = 0;
			shellPath = /bin/sh;
			shellScript = "diff \"${PODS_PODFILE_DIR_PATH}/Podfile.lock\" \"${PODS_ROOT}/Manifest.lock\" > /dev/null\nif [ $? != 0 ] ; then\n    # print error to STDERR\n    echo \"error: The sandbox is not in sync with the Podfile.lock. Run 'pod install' or update your CocoaPods installation.\" >&2\n    exit 1\nfi\n# This output is used by Xcode 'outputs' to avoid re-running this script phase.\necho \"SUCCESS\" > \"${SCRIPT_OUTPUT_FILE_0}\"\n";
			showEnvVarsInLog = 0;
		};
/* End PBXShellScriptBuildPhase section */

/* Begin PBXSourcesBuildPhase section */
		EB01DDFB264B900800232BE0 /* Sources */ = {
			isa = PBXSourcesBuildPhase;
			buildActionMask = 2147483647;
			files = (
				382DB0C7264EF88A00FF5EF9 /* EditProfileViewController.swift in Sources */,
				38A67D2F264C554E00833F3B /* LoginViewController.swift in Sources */,
				EB01DE07264B900800232BE0 /* ViewController.swift in Sources */,
				382DB0C5264EF33500FF5EF9 /* ProfileViewController.swift in Sources */,
				EB01DE03264B900800232BE0 /* AppDelegate.swift in Sources */,
				38A67D2B264C51F800833F3B /* SplashScreenViewController.swift in Sources */,
				EB01DE05264B900800232BE0 /* SceneDelegate.swift in Sources */,
				382DB0C1264EAD4D00FF5EF9 /* ParkingTableCell.swift in Sources */,
				382DB0C3264EADFE00FF5EF9 /* ParkingDetailModel.swift in Sources */,
				38A67D31264C558800833F3B /* HomeViewController.swift in Sources */,
				38A67D2D264C525900833F3B /* MaGeUserDefaults.swift in Sources */,
			);
			runOnlyForDeploymentPostprocessing = 0;
		};
/* End PBXSourcesBuildPhase section */

/* Begin PBXVariantGroup section */
		EB01DE08264B900800232BE0 /* Main.storyboard */ = {
			isa = PBXVariantGroup;
			children = (
				EB01DE09264B900800232BE0 /* Base */,
			);
			name = Main.storyboard;
			sourceTree = "<group>";
		};
		EB01DE0D264B900C00232BE0 /* LaunchScreen.storyboard */ = {
			isa = PBXVariantGroup;
			children = (
				EB01DE0E264B900C00232BE0 /* Base */,
			);
			name = LaunchScreen.storyboard;
			sourceTree = "<group>";
		};
/* End PBXVariantGroup section */

/* Begin XCBuildConfiguration section */
		EB01DE11264B900C00232BE0 /* Debug */ = {
			isa = XCBuildConfiguration;
			buildSettings = {
				ALWAYS_SEARCH_USER_PATHS = NO;
				CLANG_ANALYZER_NONNULL = YES;
				CLANG_ANALYZER_NUMBER_OBJECT_CONVERSION = YES_AGGRESSIVE;
				CLANG_CXX_LANGUAGE_STANDARD = "gnu++14";
				CLANG_CXX_LIBRARY = "libc++";
				CLANG_ENABLE_MODULES = YES;
				CLANG_ENABLE_OBJC_ARC = YES;
				CLANG_ENABLE_OBJC_WEAK = YES;
				CLANG_WARN_BLOCK_CAPTURE_AUTORELEASING = YES;
				CLANG_WARN_BOOL_CONVERSION = YES;
				CLANG_WARN_COMMA = YES;
				CLANG_WARN_CONSTANT_CONVERSION = YES;
				CLANG_WARN_DEPRECATED_OBJC_IMPLEMENTATIONS = YES;
				CLANG_WARN_DIRECT_OBJC_ISA_USAGE = YES_ERROR;
				CLANG_WARN_DOCUMENTATION_COMMENTS = YES;
				CLANG_WARN_EMPTY_BODY = YES;
				CLANG_WARN_ENUM_CONVERSION = YES;
				CLANG_WARN_INFINITE_RECURSION = YES;
				CLANG_WARN_INT_CONVERSION = YES;
				CLANG_WARN_NON_LITERAL_NULL_CONVERSION = YES;
				CLANG_WARN_OBJC_IMPLICIT_RETAIN_SELF = YES;
				CLANG_WARN_OBJC_LITERAL_CONVERSION = YES;
				CLANG_WARN_OBJC_ROOT_CLASS = YES_ERROR;
				CLANG_WARN_QUOTED_INCLUDE_IN_FRAMEWORK_HEADER = YES;
				CLANG_WARN_RANGE_LOOP_ANALYSIS = YES;
				CLANG_WARN_STRICT_PROTOTYPES = YES;
				CLANG_WARN_SUSPICIOUS_MOVE = YES;
				CLANG_WARN_UNGUARDED_AVAILABILITY = YES_AGGRESSIVE;
				CLANG_WARN_UNREACHABLE_CODE = YES;
				CLANG_WARN__DUPLICATE_METHOD_MATCH = YES;
				COPY_PHASE_STRIP = NO;
				DEBUG_INFORMATION_FORMAT = dwarf;
				ENABLE_STRICT_OBJC_MSGSEND = YES;
				ENABLE_TESTABILITY = YES;
				GCC_C_LANGUAGE_STANDARD = gnu11;
				GCC_DYNAMIC_NO_PIC = NO;
				GCC_NO_COMMON_BLOCKS = YES;
				GCC_OPTIMIZATION_LEVEL = 0;
				GCC_PREPROCESSOR_DEFINITIONS = (
					"DEBUG=1",
					"$(inherited)",
				);
				GCC_WARN_64_TO_32_BIT_CONVERSION = YES;
				GCC_WARN_ABOUT_RETURN_TYPE = YES_ERROR;
				GCC_WARN_UNDECLARED_SELECTOR = YES;
				GCC_WARN_UNINITIALIZED_AUTOS = YES_AGGRESSIVE;
				GCC_WARN_UNUSED_FUNCTION = YES;
				GCC_WARN_UNUSED_VARIABLE = YES;
				IPHONEOS_DEPLOYMENT_TARGET = 14.5;
				MTL_ENABLE_DEBUG_INFO = INCLUDE_SOURCE;
				MTL_FAST_MATH = YES;
				ONLY_ACTIVE_ARCH = YES;
				SDKROOT = iphoneos;
				SWIFT_ACTIVE_COMPILATION_CONDITIONS = DEBUG;
				SWIFT_OPTIMIZATION_LEVEL = "-Onone";
			};
			name = Debug;
		};
		EB01DE12264B900C00232BE0 /* Release */ = {
			isa = XCBuildConfiguration;
			buildSettings = {
				ALWAYS_SEARCH_USER_PATHS = NO;
				CLANG_ANALYZER_NONNULL = YES;
				CLANG_ANALYZER_NUMBER_OBJECT_CONVERSION = YES_AGGRESSIVE;
				CLANG_CXX_LANGUAGE_STANDARD = "gnu++14";
				CLANG_CXX_LIBRARY = "libc++";
				CLANG_ENABLE_MODULES = YES;
				CLANG_ENABLE_OBJC_ARC = YES;
				CLANG_ENABLE_OBJC_WEAK = YES;
				CLANG_WARN_BLOCK_CAPTURE_AUTORELEASING = YES;
				CLANG_WARN_BOOL_CONVERSION = YES;
				CLANG_WARN_COMMA = YES;
				CLANG_WARN_CONSTANT_CONVERSION = YES;
				CLANG_WARN_DEPRECATED_OBJC_IMPLEMENTATIONS = YES;
				CLANG_WARN_DIRECT_OBJC_ISA_USAGE = YES_ERROR;
				CLANG_WARN_DOCUMENTATION_COMMENTS = YES;
				CLANG_WARN_EMPTY_BODY = YES;
				CLANG_WARN_ENUM_CONVERSION = YES;
				CLANG_WARN_INFINITE_RECURSION = YES;
				CLANG_WARN_INT_CONVERSION = YES;
				CLANG_WARN_NON_LITERAL_NULL_CONVERSION = YES;
				CLANG_WARN_OBJC_IMPLICIT_RETAIN_SELF = YES;
				CLANG_WARN_OBJC_LITERAL_CONVERSION = YES;
				CLANG_WARN_OBJC_ROOT_CLASS = YES_ERROR;
				CLANG_WARN_QUOTED_INCLUDE_IN_FRAMEWORK_HEADER = YES;
				CLANG_WARN_RANGE_LOOP_ANALYSIS = YES;
				CLANG_WARN_STRICT_PROTOTYPES = YES;
				CLANG_WARN_SUSPICIOUS_MOVE = YES;
				CLANG_WARN_UNGUARDED_AVAILABILITY = YES_AGGRESSIVE;
				CLANG_WARN_UNREACHABLE_CODE = YES;
				CLANG_WARN__DUPLICATE_METHOD_MATCH = YES;
				COPY_PHASE_STRIP = NO;
				DEBUG_INFORMATION_FORMAT = "dwarf-with-dsym";
				ENABLE_NS_ASSERTIONS = NO;
				ENABLE_STRICT_OBJC_MSGSEND = YES;
				GCC_C_LANGUAGE_STANDARD = gnu11;
				GCC_NO_COMMON_BLOCKS = YES;
				GCC_WARN_64_TO_32_BIT_CONVERSION = YES;
				GCC_WARN_ABOUT_RETURN_TYPE = YES_ERROR;
				GCC_WARN_UNDECLARED_SELECTOR = YES;
				GCC_WARN_UNINITIALIZED_AUTOS = YES_AGGRESSIVE;
				GCC_WARN_UNUSED_FUNCTION = YES;
				GCC_WARN_UNUSED_VARIABLE = YES;
				IPHONEOS_DEPLOYMENT_TARGET = 14.5;
				MTL_ENABLE_DEBUG_INFO = NO;
				MTL_FAST_MATH = YES;
				SDKROOT = iphoneos;
				SWIFT_COMPILATION_MODE = wholemodule;
				SWIFT_OPTIMIZATION_LEVEL = "-O";
				VALIDATE_PRODUCT = YES;
			};
			name = Release;
		};
		EB01DE14264B900C00232BE0 /* Debug */ = {
			isa = XCBuildConfiguration;
			baseConfigurationReference = F6205B2295D0583F9246CE4C /* Pods-ParkingProject.debug.xcconfig */;
			buildSettings = {
				ASSETCATALOG_COMPILER_APPICON_NAME = AppIcon;
				ASSETCATALOG_COMPILER_GLOBAL_ACCENT_COLOR_NAME = AccentColor;
				CODE_SIGN_STYLE = Automatic;
				DEVELOPMENT_TEAM = 5988XCZ68T;
				INFOPLIST_FILE = ParkingProject/Info.plist;
				LD_RUNPATH_SEARCH_PATHS = (
					"$(inherited)",
					"@executable_path/Frameworks",
				);
				PRODUCT_BUNDLE_IDENTIFIER = railgun.ParkingProject;
				PRODUCT_NAME = "$(TARGET_NAME)";
				SWIFT_VERSION = 5.0;
				TARGETED_DEVICE_FAMILY = 1;
			};
			name = Debug;
		};
		EB01DE15264B900C00232BE0 /* Release */ = {
			isa = XCBuildConfiguration;
			baseConfigurationReference = 329DE2BE871D28CF404568C4 /* Pods-ParkingProject.release.xcconfig */;
			buildSettings = {
				ASSETCATALOG_COMPILER_APPICON_NAME = AppIcon;
				ASSETCATALOG_COMPILER_GLOBAL_ACCENT_COLOR_NAME = AccentColor;
				CODE_SIGN_STYLE = Automatic;
				DEVELOPMENT_TEAM = 5988XCZ68T;
				INFOPLIST_FILE = ParkingProject/Info.plist;
				LD_RUNPATH_SEARCH_PATHS = (
					"$(inherited)",
					"@executable_path/Frameworks",
				);
				PRODUCT_BUNDLE_IDENTIFIER = railgun.ParkingProject;
				PRODUCT_NAME = "$(TARGET_NAME)";
				SWIFT_VERSION = 5.0;
				TARGETED_DEVICE_FAMILY = 1;
			};
			name = Release;
		};
/* End XCBuildConfiguration section */

/* Begin XCConfigurationList section */
		EB01DDFA264B900800232BE0 /* Build configuration list for PBXProject "ParkingProject" */ = {
			isa = XCConfigurationList;
			buildConfigurations = (
				EB01DE11264B900C00232BE0 /* Debug */,
				EB01DE12264B900C00232BE0 /* Release */,
			);
			defaultConfigurationIsVisible = 0;
			defaultConfigurationName = Release;
		};
		EB01DE13264B900C00232BE0 /* Build configuration list for PBXNativeTarget "ParkingProject" */ = {
			isa = XCConfigurationList;
			buildConfigurations = (
				EB01DE14264B900C00232BE0 /* Debug */,
				EB01DE15264B900C00232BE0 /* Release */,
			);
			defaultConfigurationIsVisible = 0;
			defaultConfigurationName = Release;
		};
/* End XCConfigurationList section */
	};
	rootObject = EB01DDF7264B900800232BE0 /* Project object */;
}
